
Microsoft Visual Studio Solution File, Format Version 12.00
Project("{2150E333-8FDC-42A3-9474-1A3956D46DE8}") = "Core", "Core", "{04F97DE3-0778-4597-8A97-7F7892DF2532}"
EndProject
Project("{2150E333-8FDC-42A3-9474-1A3956D46DE8}") = "External", "External", "{D06BD080-238A-42FA-8F71-46CAA2933048}"
EndProject
Project("{2150E333-8FDC-42A3-9474-1A3956D46DE8}") = "src", "src", "{016A276A-E39C-454D-A6C6-EAEAB5823548}"
EndProject
Project("{FAE04EC0-301F-11D3-BF4B-00C04F79EFBC}") = "Application", "Application\Application.csproj", "{045083F4-0421-4E9C-8EB0-6B055D5A0008}"
EndProject
Project("{FAE04EC0-301F-11D3-BF4B-00C04F79EFBC}") = "Domain", "Domain\Domain.csproj", "{9DCBD759-2398-461F-B8B1-DD27A2F66770}"
EndProject
Project("{FAE04EC0-301F-11D3-BF4B-00C04F79EFBC}") = "Infrastructure", "Infrastructure\Infrastructure.csproj", "{0A661326-2E4C-4C46-9FD2-49C764D5FA3B}"
EndProject
Project("{FAE04EC0-301F-11D3-BF4B-00C04F79EFBC}") = "Api", "Api\Api.csproj", "{3E32FAE1-FF1A-4687-B08D-E955144A3CA0}"
EndProject
Global
	GlobalSection(SolutionConfigurationPlatforms) = preSolution
		Debug|Any CPU = Debug|Any CPU
		Release|Any CPU = Release|Any CPU
	EndGlobalSection
	GlobalSection(NestedProjects) = preSolution
		{04F97DE3-0778-4597-8A97-7F7892DF2532} = {016A276A-E39C-454D-A6C6-EAEAB5823548}
		{D06BD080-238A-42FA-8F71-46CAA2933048} = {016A276A-E39C-454D-A6C6-EAEAB5823548}
		{045083F4-0421-4E9C-8EB0-6B055D5A0008} = {04F97DE3-0778-4597-8A97-7F7892DF2532}
		{9DCBD759-2398-461F-B8B1-DD27A2F66770} = {04F97DE3-0778-4597-8A97-7F7892DF2532}
		{0A661326-2E4C-4C46-9FD2-49C764D5FA3B} = {D06BD080-238A-42FA-8F71-46CAA2933048}
		{3E32FAE1-FF1A-4687-B08D-E955144A3CA0} = {D06BD080-238A-42FA-8F71-46CAA2933048}
	EndGlobalSection
	GlobalSection(ProjectConfigurationPlatforms) = postSolution
		{045083F4-0421-4E9C-8EB0-6B055D5A0008}.Debug|Any CPU.ActiveCfg = Debug|Any CPU
		{045083F4-0421-4E9C-8EB0-6B055D5A0008}.Debug|Any CPU.Build.0 = Debug|Any CPU
		{045083F4-0421-4E9C-8EB0-6B055D5A0008}.Release|Any CPU.ActiveCfg = Release|Any CPU
		{045083F4-0421-4E9C-8EB0-6B055D5A0008}.Release|Any CPU.Build.0 = Release|Any CPU
		{9DCBD759-2398-461F-B8B1-DD27A2F66770}.Debug|Any CPU.ActiveCfg = Debug|Any CPU
		{9DCBD759-2398-461F-B8B1-DD27A2F66770}.Debug|Any CPU.Build.0 = Debug|Any CPU
		{9DCBD759-2398-461F-B8B1-DD27A2F66770}.Release|Any CPU.ActiveCfg = Release|Any CPU
		{9DCBD759-2398-461F-B8B1-DD27A2F66770}.Release|Any CPU.Build.0 = Release|Any CPU
		{0A661326-2E4C-4C46-9FD2-49C764D5FA3B}.Debug|Any CPU.ActiveCfg = Debug|Any CPU
		{0A661326-2E4C-4C46-9FD2-49C764D5FA3B}.Debug|Any CPU.Build.0 = Debug|Any CPU
		{0A661326-2E4C-4C46-9FD2-49C764D5FA3B}.Release|Any CPU.ActiveCfg = Release|Any CPU
		{0A661326-2E4C-4C46-9FD2-49C764D5FA3B}.Release|Any CPU.Build.0 = Release|Any CPU
		{3E32FAE1-FF1A-4687-B08D-E955144A3CA0}.Debug|Any CPU.ActiveCfg = Debug|Any CPU
		{3E32FAE1-FF1A-4687-B08D-E955144A3CA0}.Debug|Any CPU.Build.0 = Debug|Any CPU
		{3E32FAE1-FF1A-4687-B08D-E955144A3CA0}.Release|Any CPU.ActiveCfg = Release|Any CPU
		{3E32FAE1-FF1A-4687-B08D-E955144A3CA0}.Release|Any CPU.Build.0 = Release|Any CPU
	EndGlobalSection
EndGlobal
